github.com/emirpasic/gods v1.18.1 h1:FXtiHYKDGKCW2KzwZKx0iC0PQmdlorYgdFG9jPXJ1Bc=
github.com/emirpasic/gods v1.18.1/go.mod h1:8tpGGwCnJ5H4r6BWwaV6OrWmMoPhUl5jm/FMNAnJvWQ=
github.com/go-test/deep v1.1.0 h1:WOcxcdHcvdgThNXjw0t76K42FXTU7HpNQWHpA2HHNlg=
github.com/go-test/deep v1.1.0/go.mod h1:5C2ZWiW0ErCdrYzpqxLbTX7MG14M9iiw8DgHncVwcsE=
github.com/google/uuid v1.3.0/go.mod h1:TIyPZe4MgqvfeYDBFedMoGGpEw/LqOeaOT+nhxU+yHo=
github.com/google/uuid v1.6.0 h1:NIvaJDMOsjHA8n1jAhLSgzrAzy1Hgr+hNrb57e+94F0=
github.com/google/uuid v1.6.0/go.mod h1:TIyPZe4MgqvfeYDBFedMoGGpEw/LqOeaOT+nhxU+yHo=
github.com/heimdalr/dag v1.5.0 h1:hqVtijvY776P5OKP3QbdVBRt3Xxq6BYopz3XgklsGvo=
github.com/heimdalr/dag v1.5.0/go.mod h1:lthekrHl01dddmzqyBQ1YZbi7XcVGGzjFo0jIky5knc=
github.com/kthcloud/go-deploy v0.0.0-20250909100439-c94c68f1bac5 h1:7qXfg3hpHQ3SAPAxiHBV1w0AeXpQKzO3nWjjrdT4WYs=
github.com/kthcloud/go-deploy v0.0.0-20250909100439-c94c68f1bac5/go.mod h1:SlwQalALjUI0Qy7zQZRSrrjKAKVng7/0m+Yy5db1ToA=
golang.org/x/net v0.44.0 h1:evd8IRDyfNBMBTTY5XRF1vaZlD+EmWx6x8PkhR04H/I=
golang.org/x/net v0.44.0/go.mod h1:ECOoLqd5U3Lhyeyo/QDCEVQ4sNgYsqvCZ722XogGieY=
